
Microsoft Visual Studio Solution File, Format Version 12.00
# Visual Studio Version 16
VisualStudioVersion = 25.0.1706.1
MinimumVisualStudioVersion = 10.0.40219.1
Project("{FAE04EC0-301F-11D3-BF4B-00C04F79EFBC}") = "CSharpMortgageCalc", "CSharpMortgageCalc\CSharpMortgageCalc.csproj", "{34C63051-AB21-42E8-A84D-2194407C094D}"
EndProject
Global
	GlobalSection(SolutionConfigurationPlatforms) = preSolution
		Debug|Any CPU = Debug|Any CPU
		Release|Any CPU = Release|Any CPU
	EndGlobalSection
	GlobalSection(ProjectConfigurationPlatforms) = postSolution
		{34C63051-AB21-42E8-A84D-2194407C094D}.Debug|Any CPU.ActiveCfg = Debug|Any CPU
		{34C63051-AB21-42E8-A84D-2194407C094D}.Debug|Any CPU.Build.0 = Debug|Any CPU
		{34C63051-AB21-42E8-A84D-2194407C094D}.Release|Any CPU.ActiveCfg = Release|Any CPU
		{34C63051-AB21-42E8-A84D-2194407C094D}.Release|Any CPU.Build.0 = Release|Any CPU
	EndGlobalSection
	GlobalSection(SolutionProperties) = preSolution
		HideSolutionNode = FALSE
	EndGlobalSection
	GlobalSection(ExtensibilityGlobals) = postSolution
		SolutionGuid = {56FC6B15-453B-4755-80EC-CE396142C9DC}
	EndGlobalSection
EndGlobal
